{
  "object": {
    "pins": [
      {
        "package": "DSFValueBinders",
        "repositoryURL": "https://github.com/dagronf/DSFValueBinders",
        "state": {
          "branch": null,
          "revision": "e8aaed8ce422459dcdd9e2d6fa1da8a84053bdc5",
          "version": "0.20.0"
        }
      }
    ]
  },
  "version": 1
}
