// !$*UTF8*$!
{
	archiveVersion = 1;
	classes = {
	};
	objectVersion = 54;
	objects = {

/* Begin PBXAggregateTarget section */
		2310CDE1252FD758000B44DE /* Build All */ = {
			isa = PBXAggregateTarget;
			buildConfigurationList = 2310CDE2252FD758000B44DE /* Build configuration list for PBXAggregateTarget "Build All" */;
			buildPhases = (
			);
			dependencies = (
				2310CDEA252FD75E000B44DE /* PBXTargetDependency */,
				2310CDEC252FD75E000B44DE /* PBXTargetDependency */,
				2310CDEE252FD75E000B44DE /* PBXTargetDependency */,
			);
			name = "Build All";
			productName = "Build All";
		};
/* End PBXAggregateTarget section */

/* Begin PBXBuildFile section */
		2300ABF629B95AA000726074 /* DSFMenuBuilder in Frameworks */ = {isa = PBXBuildFile; productRef = 2300ABF529B95AA000726074 /* DSFMenuBuilder */; };
		2335158B252E56A8000B6E46 /* ColorDropdownButton.swift in Sources */ = {isa = PBXBuildFile; fileRef = 2335158A252E56A8000B6E46 /* ColorDropdownButton.swift */; };
		2337AF032522A1420098AB2D /* AppDelegate.swift in Sources */ = {isa = PBXBuildFile; fileRef = 2337AF022522A1420098AB2D /* AppDelegate.swift */; };
		2337AF052522A1430098AB2D /* Assets.xcassets in Resources */ = {isa = PBXBuildFile; fileRef = 2337AF042522A1430098AB2D /* Assets.xcassets */; };
		2337AF082522A1430098AB2D /* MainMenu.xib in Resources */ = {isa = PBXBuildFile; fileRef = 2337AF062522A1430098AB2D /* MainMenu.xib */; };
		2337AF452522A50A0098AB2D /* PrimaryViewController.swift in Sources */ = {isa = PBXBuildFile; fileRef = 2337AF432522A50A0098AB2D /* PrimaryViewController.swift */; };
		2337AF462522A50A0098AB2D /* PrimaryViewController.xib in Resources */ = {isa = PBXBuildFile; fileRef = 2337AF442522A50A0098AB2D /* PrimaryViewController.xib */; };
		2337AF4B2522A8350098AB2D /* ProjectAssets.swift in Sources */ = {isa = PBXBuildFile; fileRef = 2337AF4A2522A8350098AB2D /* ProjectAssets.swift */; };
		23642E42252BF9D30063590F /* AppDelegate.swift in Sources */ = {isa = PBXBuildFile; fileRef = 23642E41252BF9D30063590F /* AppDelegate.swift */; };
		23642E44252BF9D30063590F /* SceneDelegate.swift in Sources */ = {isa = PBXBuildFile; fileRef = 23642E43252BF9D30063590F /* SceneDelegate.swift */; };
		23642E46252BF9D30063590F /* ViewController.swift in Sources */ = {isa = PBXBuildFile; fileRef = 23642E45252BF9D30063590F /* ViewController.swift */; };
		23642E49252BF9D30063590F /* Main.storyboard in Resources */ = {isa = PBXBuildFile; fileRef = 23642E47252BF9D30063590F /* Main.storyboard */; };
		23642E4B252BF9D40063590F /* Assets.xcassets in Resources */ = {isa = PBXBuildFile; fileRef = 23642E4A252BF9D40063590F /* Assets.xcassets */; };
		23642E4E252BF9D40063590F /* LaunchScreen.storyboard in Resources */ = {isa = PBXBuildFile; fileRef = 23642E4C252BF9D40063590F /* LaunchScreen.storyboard */; };
		236A7C532523C95E00255B96 /* CoreViewController.swift in Sources */ = {isa = PBXBuildFile; fileRef = 236A7C512523C95E00255B96 /* CoreViewController.swift */; };
		236A7C542523C95E00255B96 /* CoreViewController.xib in Resources */ = {isa = PBXBuildFile; fileRef = 236A7C522523C95E00255B96 /* CoreViewController.xib */; };
		236A7C592523F2FE00255B96 /* ButtonViewController.swift in Sources */ = {isa = PBXBuildFile; fileRef = 236A7C572523F2FE00255B96 /* ButtonViewController.swift */; };
		236A7C5A2523F2FE00255B96 /* ButtonViewController.xib in Resources */ = {isa = PBXBuildFile; fileRef = 236A7C582523F2FE00255B96 /* ButtonViewController.xib */; };
		236A7C5E25240A9A00255B96 /* SearchViewController.swift in Sources */ = {isa = PBXBuildFile; fileRef = 236A7C5C25240A9A00255B96 /* SearchViewController.swift */; };
		236A7C5F25240A9A00255B96 /* SearchViewController.xib in Resources */ = {isa = PBXBuildFile; fileRef = 236A7C5D25240A9A00255B96 /* SearchViewController.xib */; };
		236A7C622524107000255B96 /* DSFDebounce.swift in Sources */ = {isa = PBXBuildFile; fileRef = 236A7C612524107000255B96 /* DSFDebounce.swift */; };
		236F198F28B88F5800851E75 /* DSFToolbar in Frameworks */ = {isa = PBXBuildFile; productRef = 236F198E28B88F5800851E75 /* DSFToolbar */; };
		237CD2BC25244B4500456FB4 /* PopupMenuViewcontroller.swift in Sources */ = {isa = PBXBuildFile; fileRef = 237CD2BA25244B4500456FB4 /* PopupMenuViewcontroller.swift */; };
		237CD2BD25244B4500456FB4 /* PopupMenuViewcontroller.xib in Resources */ = {isa = PBXBuildFile; fileRef = 237CD2BB25244B4500456FB4 /* PopupMenuViewcontroller.xib */; };
		237CD2C125244E6900456FB4 /* PopoverContentController.swift in Sources */ = {isa = PBXBuildFile; fileRef = 237CD2BF25244E6900456FB4 /* PopoverContentController.swift */; };
		237CD2C225244E6900456FB4 /* PopoverContentController.xib in Resources */ = {isa = PBXBuildFile; fileRef = 237CD2C025244E6900456FB4 /* PopoverContentController.xib */; };
		237CD2C92524662B00456FB4 /* CustomViewController.swift in Sources */ = {isa = PBXBuildFile; fileRef = 237CD2C72524662B00456FB4 /* CustomViewController.swift */; };
		237CD2CA2524662B00456FB4 /* CustomViewController.xib in Resources */ = {isa = PBXBuildFile; fileRef = 237CD2C82524662B00456FB4 /* CustomViewController.xib */; };
		237CD2CF2524669500456FB4 /* CustomToolbarItemViewController.swift in Sources */ = {isa = PBXBuildFile; fileRef = 237CD2CD2524669500456FB4 /* CustomToolbarItemViewController.swift */; };
		237CD2D02524669500456FB4 /* CustomToolbarItemViewController.xib in Resources */ = {isa = PBXBuildFile; fileRef = 237CD2CE2524669500456FB4 /* CustomToolbarItemViewController.xib */; };
		238C5AFE268AC0DB00F64987 /* DSFToolbar in Frameworks */ = {isa = PBXBuildFile; productRef = 238C5AFD268AC0DB00F64987 /* DSFToolbar */; };
		238C5B02268AC15A00F64987 /* DSFToolbar in Frameworks */ = {isa = PBXBuildFile; productRef = 238C5B01268AC15A00F64987 /* DSFToolbar */; };
		23BD74DB25241BD0008BF743 /* SeparatorViewController.swift in Sources */ = {isa = PBXBuildFile; fileRef = 23BD74D925241BD0008BF743 /* SeparatorViewController.swift */; };
		23BD74DC25241BD0008BF743 /* SeparatorViewController.xib in Resources */ = {isa = PBXBuildFile; fileRef = 23BD74DA25241BD0008BF743 /* SeparatorViewController.xib */; };
		23CA2F7F2522CBC200BF4FA2 /* ListViewController.swift in Sources */ = {isa = PBXBuildFile; fileRef = 23CA2F7E2522CBC200BF4FA2 /* ListViewController.swift */; };
		23CA2F822522CC2C00BF4FA2 /* PropertiesViewController.swift in Sources */ = {isa = PBXBuildFile; fileRef = 23CA2F812522CC2C00BF4FA2 /* PropertiesViewController.swift */; };
		23CA2F8E2522CD5B00BF4FA2 /* ImagesViewController.swift in Sources */ = {isa = PBXBuildFile; fileRef = 23CA2F8C2522CD5B00BF4FA2 /* ImagesViewController.swift */; };
		23CA2F8F2522CD5B00BF4FA2 /* ImagesViewController.xib in Resources */ = {isa = PBXBuildFile; fileRef = 23CA2F8D2522CD5B00BF4FA2 /* ImagesViewController.xib */; };
		23CA2F922522CD8F00BF4FA2 /* DemoContentContainer.swift in Sources */ = {isa = PBXBuildFile; fileRef = 23CA2F912522CD8F00BF4FA2 /* DemoContentContainer.swift */; };
		23CA2F962522D07600BF4FA2 /* SegmentedViewController.swift in Sources */ = {isa = PBXBuildFile; fileRef = 23CA2F942522D07600BF4FA2 /* SegmentedViewController.swift */; };
		23CA2F972522D07600BF4FA2 /* SegmentedViewController.xib in Resources */ = {isa = PBXBuildFile; fileRef = 23CA2F952522D07600BF4FA2 /* SegmentedViewController.xib */; };
		23CFC0C1252FBBEB0008211C /* AppDelegate.swift in Sources */ = {isa = PBXBuildFile; fileRef = 23CFC0C0252FBBEB0008211C /* AppDelegate.swift */; };
		23CFC0C3252FBBEB0008211C /* ViewController.swift in Sources */ = {isa = PBXBuildFile; fileRef = 23CFC0C2252FBBEB0008211C /* ViewController.swift */; };
		23CFC0C5252FBBEB0008211C /* Assets.xcassets in Resources */ = {isa = PBXBuildFile; fileRef = 23CFC0C4252FBBEB0008211C /* Assets.xcassets */; };
		23CFC0C8252FBBEB0008211C /* Main.storyboard in Resources */ = {isa = PBXBuildFile; fileRef = 23CFC0C6252FBBEB0008211C /* Main.storyboard */; };
		23CFC0E7252FC1200008211C /* ProjectAssets.swift in Sources */ = {isa = PBXBuildFile; fileRef = 23CFC0E5252FC1200008211C /* ProjectAssets.swift */; };
		23CFC0E8252FC1200008211C /* Utilities.swift in Sources */ = {isa = PBXBuildFile; fileRef = 23CFC0E6252FC1200008211C /* Utilities.swift */; };
		23CFC0F5252FC1B80008211C /* ViewController+toolbar.swift in Sources */ = {isa = PBXBuildFile; fileRef = 23CFC0F4252FC1B80008211C /* ViewController+toolbar.swift */; };
		23E9DA46252BFC9F0010A3AE /* ViewControllerToolbar.swift in Sources */ = {isa = PBXBuildFile; fileRef = 23E9DA45252BFC9F0010A3AE /* ViewControllerToolbar.swift */; };
		23E9DA4C252BFCBB0010A3AE /* ProjectAssets.swift in Sources */ = {isa = PBXBuildFile; fileRef = 23E9DA4B252BFCBB0010A3AE /* ProjectAssets.swift */; };
/* End PBXBuildFile section */

/* Begin PBXContainerItemProxy section */
		2310CDE9252FD75E000B44DE /* PBXContainerItemProxy */ = {
			isa = PBXContainerItemProxy;
			containerPortal = 2337AEF72522A1420098AB2D /* Project object */;
			proxyType = 1;
			remoteGlobalIDString = 23642E3E252BF9D30063590F;
			remoteInfo = "DSFToolbar Catalyst Demo";
		};
		2310CDEB252FD75E000B44DE /* PBXContainerItemProxy */ = {
			isa = PBXContainerItemProxy;
			containerPortal = 2337AEF72522A1420098AB2D /* Project object */;
			proxyType = 1;
			remoteGlobalIDString = 2337AEFE2522A1420098AB2D;
			remoteInfo = "DSFToolbar Demo";
		};
		2310CDED252FD75E000B44DE /* PBXContainerItemProxy */ = {
			isa = PBXContainerItemProxy;
			containerPortal = 2337AEF72522A1420098AB2D /* Project object */;
			proxyType = 1;
			remoteGlobalIDString = 23CFC0BD252FBBEB0008211C;
			remoteInfo = "Simple Documentation Demo";
		};
/* End PBXContainerItemProxy section */

/* Begin PBXFileReference section */
		2335158A252E56A8000B6E46 /* ColorDropdownButton.swift */ = {isa = PBXFileReference; lastKnownFileType = sourcecode.swift; path = ColorDropdownButton.swift; sourceTree = "<group>"; };
		2337AEFF2522A1420098AB2D /* DSFToolbar Demo.app */ = {isa = PBXFileReference; explicitFileType = wrapper.application; includeInIndex = 0; path = "DSFToolbar Demo.app"; sourceTree = BUILT_PRODUCTS_DIR; };
		2337AF022522A1420098AB2D /* AppDelegate.swift */ = {isa = PBXFileReference; lastKnownFileType = sourcecode.swift; path = AppDelegate.swift; sourceTree = "<group>"; };
		2337AF042522A1430098AB2D /* Assets.xcassets */ = {isa = PBXFileReference; lastKnownFileType = folder.assetcatalog; path = Assets.xcassets; sourceTree = "<group>"; };
		2337AF072522A1430098AB2D /* Base */ = {isa = PBXFileReference; lastKnownFileType = file.xib; name = Base; path = Base.lproj/MainMenu.xib; sourceTree = "<group>"; };
		2337AF092522A1430098AB2D /* Info.plist */ = {isa = PBXFileReference; lastKnownFileType = text.plist.xml; path = Info.plist; sourceTree = "<group>"; };
		2337AF0A2522A1430098AB2D /* DSFToolbar_Demo.entitlements */ = {isa = PBXFileReference; lastKnownFileType = text.plist.entitlements; path = DSFToolbar_Demo.entitlements; sourceTree = "<group>"; };
		2337AF432522A50A0098AB2D /* PrimaryViewController.swift */ = {isa = PBXFileReference; lastKnownFileType = sourcecode.swift; path = PrimaryViewController.swift; sourceTree = "<group>"; };
		2337AF442522A50A0098AB2D /* PrimaryViewController.xib */ = {isa = PBXFileReference; lastKnownFileType = file.xib; path = PrimaryViewController.xib; sourceTree = "<group>"; };
		2337AF4A2522A8350098AB2D /* ProjectAssets.swift */ = {isa = PBXFileReference; fileEncoding = 4; lastKnownFileType = sourcecode.swift; path = ProjectAssets.swift; sourceTree = "<group>"; };
		23642E3F252BF9D30063590F /* DSFToolbar Catalyst Demo.app */ = {isa = PBXFileReference; explicitFileType = wrapper.application; includeInIndex = 0; path = "DSFToolbar Catalyst Demo.app"; sourceTree = BUILT_PRODUCTS_DIR; };
		23642E41252BF9D30063590F /* AppDelegate.swift */ = {isa = PBXFileReference; lastKnownFileType = sourcecode.swift; path = AppDelegate.swift; sourceTree = "<group>"; };
		23642E43252BF9D30063590F /* SceneDelegate.swift */ = {isa = PBXFileReference; lastKnownFileType = sourcecode.swift; path = SceneDelegate.swift; sourceTree = "<group>"; };
		23642E45252BF9D30063590F /* ViewController.swift */ = {isa = PBXFileReference; lastKnownFileType = sourcecode.swift; path = ViewController.swift; sourceTree = "<group>"; };
		23642E48252BF9D30063590F /* Base */ = {isa = PBXFileReference; lastKnownFileType = file.storyboard; name = Base; path = Base.lproj/Main.storyboard; sourceTree = "<group>"; };
		23642E4A252BF9D40063590F /* Assets.xcassets */ = {isa = PBXFileReference; lastKnownFileType = folder.assetcatalog; path = Assets.xcassets; sourceTree = "<group>"; };
		23642E4D252BF9D40063590F /* Base */ = {isa = PBXFileReference; lastKnownFileType = file.storyboard; name = Base; path = Base.lproj/LaunchScreen.storyboard; sourceTree = "<group>"; };
		23642E4F252BF9D40063590F /* Info.plist */ = {isa = PBXFileReference; lastKnownFileType = text.plist.xml; path = Info.plist; sourceTree = "<group>"; };
		23642E55252BF9DE0063590F /* DSFToolbar Catalyst Demo.entitlements */ = {isa = PBXFileReference; lastKnownFileType = text.plist.entitlements; path = "DSFToolbar Catalyst Demo.entitlements"; sourceTree = "<group>"; };
		236A7C512523C95E00255B96 /* CoreViewController.swift */ = {isa = PBXFileReference; lastKnownFileType = sourcecode.swift; path = CoreViewController.swift; sourceTree = "<group>"; };
		236A7C522523C95E00255B96 /* CoreViewController.xib */ = {isa = PBXFileReference; lastKnownFileType = file.xib; path = CoreViewController.xib; sourceTree = "<group>"; };
		236A7C572523F2FE00255B96 /* ButtonViewController.swift */ = {isa = PBXFileReference; lastKnownFileType = sourcecode.swift; path = ButtonViewController.swift; sourceTree = "<group>"; };
		236A7C582523F2FE00255B96 /* ButtonViewController.xib */ = {isa = PBXFileReference; lastKnownFileType = file.xib; path = ButtonViewController.xib; sourceTree = "<group>"; };
		236A7C5C25240A9A00255B96 /* SearchViewController.swift */ = {isa = PBXFileReference; lastKnownFileType = sourcecode.swift; path = SearchViewController.swift; sourceTree = "<group>"; };
		236A7C5D25240A9A00255B96 /* SearchViewController.xib */ = {isa = PBXFileReference; lastKnownFileType = file.xib; path = SearchViewController.xib; sourceTree = "<group>"; };
		236A7C612524107000255B96 /* DSFDebounce.swift */ = {isa = PBXFileReference; fileEncoding = 4; lastKnownFileType = sourcecode.swift; path = DSFDebounce.swift; sourceTree = "<group>"; };
		236F198D28B88F3300851E75 /* DSFToolbar */ = {isa = PBXFileReference; lastKnownFileType = wrapper; name = DSFToolbar; path = ../..; sourceTree = "<group>"; };
		237CD2BA25244B4500456FB4 /* PopupMenuViewcontroller.swift */ = {isa = PBXFileReference; lastKnownFileType = sourcecode.swift; path = PopupMenuViewcontroller.swift; sourceTree = "<group>"; };
		237CD2BB25244B4500456FB4 /* PopupMenuViewcontroller.xib */ = {isa = PBXFileReference; lastKnownFileType = file.xib; path = PopupMenuViewcontroller.xib; sourceTree = "<group>"; };
		237CD2BF25244E6900456FB4 /* PopoverContentController.swift */ = {isa = PBXFileReference; fileEncoding = 4; lastKnownFileType = sourcecode.swift; path = PopoverContentController.swift; sourceTree = "<group>"; };
		237CD2C025244E6900456FB4 /* PopoverContentController.xib */ = {isa = PBXFileReference; fileEncoding = 4; lastKnownFileType = file.xib; path = PopoverContentController.xib; sourceTree = "<group>"; };
		237CD2C72524662B00456FB4 /* CustomViewController.swift */ = {isa = PBXFileReference; lastKnownFileType = sourcecode.swift; path = CustomViewController.swift; sourceTree = "<group>"; };
		237CD2C82524662B00456FB4 /* CustomViewController.xib */ = {isa = PBXFileReference; lastKnownFileType = file.xib; path = CustomViewController.xib; sourceTree = "<group>"; };
		237CD2CD2524669500456FB4 /* CustomToolbarItemViewController.swift */ = {isa = PBXFileReference; lastKnownFileType = sourcecode.swift; path = CustomToolbarItemViewController.swift; sourceTree = "<group>"; };
		237CD2CE2524669500456FB4 /* CustomToolbarItemViewController.xib */ = {isa = PBXFileReference; lastKnownFileType = file.xib; path = CustomToolbarItemViewController.xib; sourceTree = "<group>"; };
		23BD74D925241BD0008BF743 /* SeparatorViewController.swift */ = {isa = PBXFileReference; lastKnownFileType = sourcecode.swift; path = SeparatorViewController.swift; sourceTree = "<group>"; };
		23BD74DA25241BD0008BF743 /* SeparatorViewController.xib */ = {isa = PBXFileReference; lastKnownFileType = file.xib; path = SeparatorViewController.xib; sourceTree = "<group>"; };
		23CA2F7E2522CBC200BF4FA2 /* ListViewController.swift */ = {isa = PBXFileReference; lastKnownFileType = sourcecode.swift; path = ListViewController.swift; sourceTree = "<group>"; };
		23CA2F812522CC2C00BF4FA2 /* PropertiesViewController.swift */ = {isa = PBXFileReference; lastKnownFileType = sourcecode.swift; path = PropertiesViewController.swift; sourceTree = "<group>"; };
		23CA2F8C2522CD5B00BF4FA2 /* ImagesViewController.swift */ = {isa = PBXFileReference; lastKnownFileType = sourcecode.swift; path = ImagesViewController.swift; sourceTree = "<group>"; };
		23CA2F8D2522CD5B00BF4FA2 /* ImagesViewController.xib */ = {isa = PBXFileReference; lastKnownFileType = file.xib; path = ImagesViewController.xib; sourceTree = "<group>"; };
		23CA2F912522CD8F00BF4FA2 /* DemoContentContainer.swift */ = {isa = PBXFileReference; fileEncoding = 4; lastKnownFileType = sourcecode.swift; path = DemoContentContainer.swift; sourceTree = "<group>"; };
		23CA2F942522D07600BF4FA2 /* SegmentedViewController.swift */ = {isa = PBXFileReference; lastKnownFileType = sourcecode.swift; path = SegmentedViewController.swift; sourceTree = "<group>"; };
		23CA2F952522D07600BF4FA2 /* SegmentedViewController.xib */ = {isa = PBXFileReference; lastKnownFileType = file.xib; path = SegmentedViewController.xib; sourceTree = "<group>"; };
		23CFC0BE252FBBEB0008211C /* Simple Documentation Demo.app */ = {isa = PBXFileReference; explicitFileType = wrapper.application; includeInIndex = 0; path = "Simple Documentation Demo.app"; sourceTree = BUILT_PRODUCTS_DIR; };
		23CFC0C0252FBBEB0008211C /* AppDelegate.swift */ = {isa = PBXFileReference; lastKnownFileType = sourcecode.swift; path = AppDelegate.swift; sourceTree = "<group>"; };
		23CFC0C2252FBBEB0008211C /* ViewController.swift */ = {isa = PBXFileReference; lastKnownFileType = sourcecode.swift; path = ViewController.swift; sourceTree = "<group>"; };
		23CFC0C4252FBBEB0008211C /* Assets.xcassets */ = {isa = PBXFileReference; lastKnownFileType = folder.assetcatalog; path = Assets.xcassets; sourceTree = "<group>"; };
		23CFC0C7252FBBEB0008211C /* Base */ = {isa = PBXFileReference; lastKnownFileType = file.storyboard; name = Base; path = Base.lproj/Main.storyboard; sourceTree = "<group>"; };
		23CFC0C9252FBBEB0008211C /* Info.plist */ = {isa = PBXFileReference; lastKnownFileType = text.plist.xml; path = Info.plist; sourceTree = "<group>"; };
		23CFC0CA252FBBEB0008211C /* Simple_Documentation_Demo.entitlements */ = {isa = PBXFileReference; lastKnownFileType = text.plist.entitlements; path = Simple_Documentation_Demo.entitlements; sourceTree = "<group>"; };
		23CFC0E5252FC1200008211C /* ProjectAssets.swift */ = {isa = PBXFileReference; fileEncoding = 4; lastKnownFileType = sourcecode.swift; path = ProjectAssets.swift; sourceTree = "<group>"; };
		23CFC0E6252FC1200008211C /* Utilities.swift */ = {isa = PBXFileReference; fileEncoding = 4; lastKnownFileType = sourcecode.swift; path = Utilities.swift; sourceTree = "<group>"; };
		23CFC0F4252FC1B80008211C /* ViewController+toolbar.swift */ = {isa = PBXFileReference; lastKnownFileType = sourcecode.swift; path = "ViewController+toolbar.swift"; sourceTree = "<group>"; };
		23E9DA45252BFC9F0010A3AE /* ViewControllerToolbar.swift */ = {isa = PBXFileReference; fileEncoding = 4; lastKnownFileType = sourcecode.swift; path = ViewControllerToolbar.swift; sourceTree = "<group>"; };
		23E9DA4B252BFCBB0010A3AE /* ProjectAssets.swift */ = {isa = PBXFileReference; fileEncoding = 4; lastKnownFileType = sourcecode.swift; path = ProjectAssets.swift; sourceTree = "<group>"; };
/* End PBXFileReference section */

/* Begin PBXFrameworksBuildPhase section */
		2337AEFC2522A1420098AB2D /* Frameworks */ = {
			isa = PBXFrameworksBuildPhase;
			buildActionMask = 2147483647;
			files = (
				238C5AFE268AC0DB00F64987 /* DSFToolbar in Frameworks */,
				2300ABF629B95AA000726074 /* DSFMenuBuilder in Frameworks */,
			);
			runOnlyForDeploymentPostprocessing = 0;
		};
		23642E3C252BF9D30063590F /* Frameworks */ = {
			isa = PBXFrameworksBuildPhase;
			buildActionMask = 2147483647;
			files = (
				238C5B02268AC15A00F64987 /* DSFToolbar in Frameworks */,
			);
			runOnlyForDeploymentPostprocessing = 0;
		};
		23CFC0BB252FBBEB0008211C /* Frameworks */ = {
			isa = PBXFrameworksBuildPhase;
			buildActionMask = 2147483647;
			files = (
				236F198F28B88F5800851E75 /* DSFToolbar in Frameworks */,
			);
			runOnlyForDeploymentPostprocessing = 0;
		};
/* End PBXFrameworksBuildPhase section */

/* Begin PBXGroup section */
		2337AEF62522A1420098AB2D = {
			isa = PBXGroup;
			children = (
				236F198D28B88F3300851E75 /* DSFToolbar */,
				2337AF012522A1420098AB2D /* DSFToolbar Demo */,
				23642E40252BF9D30063590F /* DSFToolbar Catalyst Demo */,
				23CFC0BF252FBBEB0008211C /* Simple Documentation Demo */,
				2337AF002522A1420098AB2D /* Products */,
				2337AF1F2522A3AE0098AB2D /* Frameworks */,
			);
			sourceTree = "<group>";
		};
		2337AF002522A1420098AB2D /* Products */ = {
			isa = PBXGroup;
			children = (
				2337AEFF2522A1420098AB2D /* DSFToolbar Demo.app */,
				23642E3F252BF9D30063590F /* DSFToolbar Catalyst Demo.app */,
				23CFC0BE252FBBEB0008211C /* Simple Documentation Demo.app */,
			);
			name = Products;
			sourceTree = "<group>";
		};
		2337AF012522A1420098AB2D /* DSFToolbar Demo */ = {
			isa = PBXGroup;
			children = (
				2337AF4A2522A8350098AB2D /* ProjectAssets.swift */,
				2337AF022522A1420098AB2D /* AppDelegate.swift */,
				23CA2F912522CD8F00BF4FA2 /* DemoContentContainer.swift */,
				2337AF042522A1430098AB2D /* Assets.xcassets */,
				2337AF062522A1430098AB2D /* MainMenu.xib */,
				2337AF092522A1430098AB2D /* Info.plist */,
				2337AF0A2522A1430098AB2D /* DSFToolbar_Demo.entitlements */,
				2337AF432522A50A0098AB2D /* PrimaryViewController.swift */,
				2337AF442522A50A0098AB2D /* PrimaryViewController.xib */,
				23CA2F7E2522CBC200BF4FA2 /* ListViewController.swift */,
				23CA2F812522CC2C00BF4FA2 /* PropertiesViewController.swift */,
				23CA2F842522CCD100BF4FA2 /* panes */,
				23E9DA53252BFEE30010A3AE /* utils */,
			);
			path = "DSFToolbar Demo";
			sourceTree = "<group>";
		};
		2337AF1F2522A3AE0098AB2D /* Frameworks */ = {
			isa = PBXGroup;
			children = (
			);
			name = Frameworks;
			sourceTree = "<group>";
		};
		23642E40252BF9D30063590F /* DSFToolbar Catalyst Demo */ = {
			isa = PBXGroup;
			children = (
				23E9DA4B252BFCBB0010A3AE /* ProjectAssets.swift */,
				23642E55252BF9DE0063590F /* DSFToolbar Catalyst Demo.entitlements */,
				23642E41252BF9D30063590F /* AppDelegate.swift */,
				23642E43252BF9D30063590F /* SceneDelegate.swift */,
				23642E45252BF9D30063590F /* ViewController.swift */,
				23E9DA45252BFC9F0010A3AE /* ViewControllerToolbar.swift */,
				23642E47252BF9D30063590F /* Main.storyboard */,
				23642E4A252BF9D40063590F /* Assets.xcassets */,
				23642E4C252BF9D40063590F /* LaunchScreen.storyboard */,
				23642E4F252BF9D40063590F /* Info.plist */,
			);
			path = "DSFToolbar Catalyst Demo";
			sourceTree = "<group>";
		};
		237CD2C4252465D700456FB4 /* popover-popup */ = {
			isa = PBXGroup;
			children = (
				237CD2BA25244B4500456FB4 /* PopupMenuViewcontroller.swift */,
				237CD2BB25244B4500456FB4 /* PopupMenuViewcontroller.xib */,
				237CD2BF25244E6900456FB4 /* PopoverContentController.swift */,
				237CD2C025244E6900456FB4 /* PopoverContentController.xib */,
			);
			path = "popover-popup";
			sourceTree = "<group>";
		};
		237CD2C62524660A00456FB4 /* custom-view */ = {
			isa = PBXGroup;
			children = (
				237CD2C72524662B00456FB4 /* CustomViewController.swift */,
				237CD2C82524662B00456FB4 /* CustomViewController.xib */,
				237CD2CD2524669500456FB4 /* CustomToolbarItemViewController.swift */,
				237CD2CE2524669500456FB4 /* CustomToolbarItemViewController.xib */,
			);
			path = "custom-view";
			sourceTree = "<group>";
		};
		23CA2F842522CCD100BF4FA2 /* panes */ = {
			isa = PBXGroup;
			children = (
				236A7C572523F2FE00255B96 /* ButtonViewController.swift */,
				236A7C582523F2FE00255B96 /* ButtonViewController.xib */,
				236A7C512523C95E00255B96 /* CoreViewController.swift */,
				236A7C522523C95E00255B96 /* CoreViewController.xib */,
				237CD2C62524660A00456FB4 /* custom-view */,
				23CA2F8C2522CD5B00BF4FA2 /* ImagesViewController.swift */,
				23CA2F8D2522CD5B00BF4FA2 /* ImagesViewController.xib */,
				237CD2C4252465D700456FB4 /* popover-popup */,
				236A7C5C25240A9A00255B96 /* SearchViewController.swift */,
				236A7C5D25240A9A00255B96 /* SearchViewController.xib */,
				23CA2F942522D07600BF4FA2 /* SegmentedViewController.swift */,
				23CA2F952522D07600BF4FA2 /* SegmentedViewController.xib */,
				23BD74D925241BD0008BF743 /* SeparatorViewController.swift */,
				23BD74DA25241BD0008BF743 /* SeparatorViewController.xib */,
			);
			path = panes;
			sourceTree = "<group>";
		};
		23CFC0BF252FBBEB0008211C /* Simple Documentation Demo */ = {
			isa = PBXGroup;
			children = (
				23CFC0C0252FBBEB0008211C /* AppDelegate.swift */,
				23CFC0C2252FBBEB0008211C /* ViewController.swift */,
				23CFC0F4252FC1B80008211C /* ViewController+toolbar.swift */,
				23CFC0E5252FC1200008211C /* ProjectAssets.swift */,
				23CFC0E6252FC1200008211C /* Utilities.swift */,
				23CFC0C4252FBBEB0008211C /* Assets.xcassets */,
				23CFC0C6252FBBEB0008211C /* Main.storyboard */,
				23CFC0C9252FBBEB0008211C /* Info.plist */,
				23CFC0CA252FBBEB0008211C /* Simple_Documentation_Demo.entitlements */,
			);
			path = "Simple Documentation Demo";
			sourceTree = "<group>";
		};
		23E9DA53252BFEE30010A3AE /* utils */ = {
			isa = PBXGroup;
			children = (
				236A7C612524107000255B96 /* DSFDebounce.swift */,
				2335158A252E56A8000B6E46 /* ColorDropdownButton.swift */,
			);
			path = utils;
			sourceTree = "<group>";
		};
/* End PBXGroup section */

/* Begin PBXNativeTarget section */
		2337AEFE2522A1420098AB2D /* DSFToolbar Demo */ = {
			isa = PBXNativeTarget;
			buildConfigurationList = 2337AF0D2522A1430098AB2D /* Build configuration list for PBXNativeTarget "DSFToolbar Demo" */;
			buildPhases = (
				2337AEFB2522A1420098AB2D /* Sources */,
				2337AEFC2522A1420098AB2D /* Frameworks */,
				2337AEFD2522A1420098AB2D /* Resources */,
			);
			buildRules = (
			);
			dependencies = (
				238C5B00268AC0EA00F64987 /* PBXTargetDependency */,
			);
			name = "DSFToolbar Demo";
			packageProductDependencies = (
				238C5AFD268AC0DB00F64987 /* DSFToolbar */,
				2300ABF529B95AA000726074 /* DSFMenuBuilder */,
			);
			productName = "DSFToolbar Demo";
			productReference = 2337AEFF2522A1420098AB2D /* DSFToolbar Demo.app */;
			productType = "com.apple.product-type.application";
		};
		23642E3E252BF9D30063590F /* DSFToolbar Catalyst Demo */ = {
			isa = PBXNativeTarget;
			buildConfigurationList = 23642E52252BF9D40063590F /* Build configuration list for PBXNativeTarget "DSFToolbar Catalyst Demo" */;
			buildPhases = (
				23642E3B252BF9D30063590F /* Sources */,
				23642E3C252BF9D30063590F /* Frameworks */,
				23642E3D252BF9D30063590F /* Resources */,
			);
			buildRules = (
			);
			dependencies = (
			);
			name = "DSFToolbar Catalyst Demo";
			packageProductDependencies = (
				238C5B01268AC15A00F64987 /* DSFToolbar */,
			);
			productName = "DSFToolbar Catalyst Demo";
			productReference = 23642E3F252BF9D30063590F /* DSFToolbar Catalyst Demo.app */;
			productType = "com.apple.product-type.application";
		};
		23CFC0BD252FBBEB0008211C /* Simple Documentation Demo */ = {
			isa = PBXNativeTarget;
			buildConfigurationList = 23CFC0CD252FBBEB0008211C /* Build configuration list for PBXNativeTarget "Simple Documentation Demo" */;
			buildPhases = (
				23CFC0BA252FBBEB0008211C /* Sources */,
				23CFC0BB252FBBEB0008211C /* Frameworks */,
				23CFC0BC252FBBEB0008211C /* Resources */,
			);
			buildRules = (
			);
			dependencies = (
				23CFC0DC252FBC5B0008211C /* PBXTargetDependency */,
			);
			name = "Simple Documentation Demo";
			packageProductDependencies = (
				236F198E28B88F5800851E75 /* DSFToolbar */,
			);
			productName = "Simple Documentation Demo";
			productReference = 23CFC0BE252FBBEB0008211C /* Simple Documentation Demo.app */;
			productType = "com.apple.product-type.application";
		};
/* End PBXNativeTarget section */

/* Begin PBXProject section */
		2337AEF72522A1420098AB2D /* Project object */ = {
			isa = PBXProject;
			attributes = {
				LastSwiftUpdateCheck = 1220;
				LastUpgradeCheck = 1220;
				TargetAttributes = {
					2310CDE1252FD758000B44DE = {
						CreatedOnToolsVersion = 12.2;
					};
					2337AEFE2522A1420098AB2D = {
						CreatedOnToolsVersion = 12.2;
					};
					23642E3E252BF9D30063590F = {
						CreatedOnToolsVersion = 12.2;
					};
					23CFC0BD252FBBEB0008211C = {
						CreatedOnToolsVersion = 12.2;
					};
				};
			};
			buildConfigurationList = 2337AEFA2522A1420098AB2D /* Build configuration list for PBXProject "DSFToolbar Demo" */;
			compatibilityVersion = "Xcode 9.3";
			developmentRegion = en;
			hasScannedForEncodings = 0;
			knownRegions = (
				en,
				Base,
			);
			mainGroup = 2337AEF62522A1420098AB2D;
			packageReferences = (
				2300ABF429B95AA000726074 /* XCRemoteSwiftPackageReference "DSFMenuBuilder" */,
			);
			productRefGroup = 2337AF002522A1420098AB2D /* Products */;
			projectDirPath = "";
			projectRoot = "";
			targets = (
				2337AEFE2522A1420098AB2D /* DSFToolbar Demo */,
				23642E3E252BF9D30063590F /* DSFToolbar Catalyst Demo */,
				23CFC0BD252FBBEB0008211C /* Simple Documentation Demo */,
				2310CDE1252FD758000B44DE /* Build All */,
			);
		};
/* End PBXProject section */

/* Begin PBXResourcesBuildPhase section */
		2337AEFD2522A1420098AB2D /* Resources */ = {
			isa = PBXResourcesBuildPhase;
			buildActionMask = 2147483647;
			files = (
				237CD2BD25244B4500456FB4 /* PopupMenuViewcontroller.xib in Resources */,
				2337AF462522A50A0098AB2D /* PrimaryViewController.xib in Resources */,
				236A7C5A2523F2FE00255B96 /* ButtonViewController.xib in Resources */,
				2337AF052522A1430098AB2D /* Assets.xcassets in Resources */,
				237CD2D02524669500456FB4 /* CustomToolbarItemViewController.xib in Resources */,
				23CA2F972522D07600BF4FA2 /* SegmentedViewController.xib in Resources */,
				237CD2C225244E6900456FB4 /* PopoverContentController.xib in Resources */,
				23CA2F8F2522CD5B00BF4FA2 /* ImagesViewController.xib in Resources */,
				237CD2CA2524662B00456FB4 /* CustomViewController.xib in Resources */,
				2337AF082522A1430098AB2D /* MainMenu.xib in Resources */,
				236A7C5F25240A9A00255B96 /* SearchViewController.xib in Resources */,
				23BD74DC25241BD0008BF743 /* SeparatorViewController.xib in Resources */,
				236A7C542523C95E00255B96 /* CoreViewController.xib in Resources */,
			);
			runOnlyForDeploymentPostprocessing = 0;
		};
		23642E3D252BF9D30063590F /* Resources */ = {
			isa = PBXResourcesBuildPhase;
			buildActionMask = 2147483647;
			files = (
				23642E4E252BF9D40063590F /* LaunchScreen.storyboard in Resources */,
				23642E4B252BF9D40063590F /* Assets.xcassets in Resources */,
				23642E49252BF9D30063590F /* Main.storyboard in Resources */,
			);
			runOnlyForDeploymentPostprocessing = 0;
		};
		23CFC0BC252FBBEB0008211C /* Resources */ = {
			isa = PBXResourcesBuildPhase;
			buildActionMask = 2147483647;
			files = (
				23CFC0C5252FBBEB0008211C /* Assets.xcassets in Resources */,
				23CFC0C8252FBBEB0008211C /* Main.storyboard in Resources */,
			);
			runOnlyForDeploymentPostprocessing = 0;
		};
/* End PBXResourcesBuildPhase section */

/* Begin PBXSourcesBuildPhase section */
		2337AEFB2522A1420098AB2D /* Sources */ = {
			isa = PBXSourcesBuildPhase;
			buildActionMask = 2147483647;
			files = (
				237CD2C125244E6900456FB4 /* PopoverContentController.swift in Sources */,
				23CA2F8E2522CD5B00BF4FA2 /* ImagesViewController.swift in Sources */,
				236A7C5E25240A9A00255B96 /* SearchViewController.swift in Sources */,
				23CA2F922522CD8F00BF4FA2 /* DemoContentContainer.swift in Sources */,
				2335158B252E56A8000B6E46 /* ColorDropdownButton.swift in Sources */,
				2337AF4B2522A8350098AB2D /* ProjectAssets.swift in Sources */,
				23CA2F962522D07600BF4FA2 /* SegmentedViewController.swift in Sources */,
				2337AF032522A1420098AB2D /* AppDelegate.swift in Sources */,
				237CD2BC25244B4500456FB4 /* PopupMenuViewcontroller.swift in Sources */,
				236A7C622524107000255B96 /* DSFDebounce.swift in Sources */,
				23CA2F7F2522CBC200BF4FA2 /* ListViewController.swift in Sources */,
				2337AF452522A50A0098AB2D /* PrimaryViewController.swift in Sources */,
				23CA2F822522CC2C00BF4FA2 /* PropertiesViewController.swift in Sources */,
				236A7C592523F2FE00255B96 /* ButtonViewController.swift in Sources */,
				236A7C532523C95E00255B96 /* CoreViewController.swift in Sources */,
				23BD74DB25241BD0008BF743 /* SeparatorViewController.swift in Sources */,
				237CD2CF2524669500456FB4 /* CustomToolbarItemViewController.swift in Sources */,
				237CD2C92524662B00456FB4 /* CustomViewController.swift in Sources */,
			);
			runOnlyForDeploymentPostprocessing = 0;
		};
		23642E3B252BF9D30063590F /* Sources */ = {
			isa = PBXSourcesBuildPhase;
			buildActionMask = 2147483647;
			files = (
				23642E46252BF9D30063590F /* ViewController.swift in Sources */,
				23642E42252BF9D30063590F /* AppDelegate.swift in Sources */,
				23642E44252BF9D30063590F /* SceneDelegate.swift in Sources */,
				23E9DA46252BFC9F0010A3AE /* ViewControllerToolbar.swift in Sources */,
				23E9DA4C252BFCBB0010A3AE /* ProjectAssets.swift in Sources */,
			);
			runOnlyForDeploymentPostprocessing = 0;
		};
		23CFC0BA252FBBEB0008211C /* Sources */ = {
			isa = PBXSourcesBuildPhase;
			buildActionMask = 2147483647;
			files = (
				23CFC0C3252FBBEB0008211C /* ViewController.swift in Sources */,
				23CFC0C1252FBBEB0008211C /* AppDelegate.swift in Sources */,
				23CFC0F5252FC1B80008211C /* ViewController+toolbar.swift in Sources */,
				23CFC0E8252FC1200008211C /* Utilities.swift in Sources */,
				23CFC0E7252FC1200008211C /* ProjectAssets.swift in Sources */,
			);
			runOnlyForDeploymentPostprocessing = 0;
		};
/* End PBXSourcesBuildPhase section */

/* Begin PBXTargetDependency section */
		2310CDEA252FD75E000B44DE /* PBXTargetDependency */ = {
			isa = PBXTargetDependency;
			target = 23642E3E252BF9D30063590F /* DSFToolbar Catalyst Demo */;
			targetProxy = 2310CDE9252FD75E000B44DE /* PBXContainerItemProxy */;
		};
		2310CDEC252FD75E000B44DE /* PBXTargetDependency */ = {
			isa = PBXTargetDependency;
			target = 2337AEFE2522A1420098AB2D /* DSFToolbar Demo */;
			targetProxy = 2310CDEB252FD75E000B44DE /* PBXContainerItemProxy */;
		};
		2310CDEE252FD75E000B44DE /* PBXTargetDependency */ = {
			isa = PBXTargetDependency;
			target = 23CFC0BD252FBBEB0008211C /* Simple Documentation Demo */;
			targetProxy = 2310CDED252FD75E000B44DE /* PBXContainerItemProxy */;
		};
		238C5B00268AC0EA00F64987 /* PBXTargetDependency */ = {
			isa = PBXTargetDependency;
			productRef = 238C5AFF268AC0EA00F64987 /* DSFToolbar */;
		};
		23CFC0DC252FBC5B0008211C /* PBXTargetDependency */ = {
			isa = PBXTargetDependency;
			productRef = 23CFC0DB252FBC5B0008211C /* DSFToolbar */;
		};
/* End PBXTargetDependency section */

/* Begin PBXVariantGroup section */
		2337AF062522A1430098AB2D /* MainMenu.xib */ = {
			isa = PBXVariantGroup;
			children = (
				2337AF072522A1430098AB2D /* Base */,
			);
			name = MainMenu.xib;
			sourceTree = "<group>";
		};
		23642E47252BF9D30063590F /* Main.storyboard */ = {
			isa = PBXVariantGroup;
			children = (
				23642E48252BF9D30063590F /* Base */,
			);
			name = Main.storyboard;
			sourceTree = "<group>";
		};
		23642E4C252BF9D40063590F /* LaunchScreen.storyboard */ = {
			isa = PBXVariantGroup;
			children = (
				23642E4D252BF9D40063590F /* Base */,
			);
			name = LaunchScreen.storyboard;
			sourceTree = "<group>";
		};
		23CFC0C6252FBBEB0008211C /* Main.storyboard */ = {
			isa = PBXVariantGroup;
			children = (
				23CFC0C7252FBBEB0008211C /* Base */,
			);
			name = Main.storyboard;
			sourceTree = "<group>";
		};
/* End PBXVariantGroup section */

/* Begin XCBuildConfiguration section */
		2310CDE3252FD758000B44DE /* Debug */ = {
			isa = XCBuildConfiguration;
			buildSettings = {
				CODE_SIGN_STYLE = Automatic;
				DEVELOPMENT_TEAM = 3L6RK3LGGW;
				PRODUCT_NAME = "$(TARGET_NAME)";
			};
			name = Debug;
		};
		2310CDE4252FD758000B44DE /* Release */ = {
			isa = XCBuildConfiguration;
			buildSettings = {
				CODE_SIGN_STYLE = Automatic;
				DEVELOPMENT_TEAM = 3L6RK3LGGW;
				PRODUCT_NAME = "$(TARGET_NAME)";
			};
			name = Release;
		};
		2337AF0B2522A1430098AB2D /* Debug */ = {
			isa = XCBuildConfiguration;
			buildSettings = {
				ALWAYS_SEARCH_USER_PATHS = NO;
				CLANG_ANALYZER_NONNULL = YES;
				CLANG_ANALYZER_NUMBER_OBJECT_CONVERSION = YES_AGGRESSIVE;
				CLANG_CXX_LANGUAGE_STANDARD = "gnu++14";
				CLANG_CXX_LIBRARY = "libc++";
				CLANG_ENABLE_MODULES = YES;
				CLANG_ENABLE_OBJC_ARC = YES;
				CLANG_ENABLE_OBJC_WEAK = YES;
				CLANG_WARN_BLOCK_CAPTURE_AUTORELEASING = YES;
				CLANG_WARN_BOOL_CONVERSION = YES;
				CLANG_WARN_COMMA = YES;
				CLANG_WARN_CONSTANT_CONVERSION = YES;
				CLANG_WARN_DEPRECATED_OBJC_IMPLEMENTATIONS = YES;
				CLANG_WARN_DIRECT_OBJC_ISA_USAGE = YES_ERROR;
				CLANG_WARN_DOCUMENTATION_COMMENTS = YES;
				CLANG_WARN_EMPTY_BODY = YES;
				CLANG_WARN_ENUM_CONVERSION = YES;
				CLANG_WARN_INFINITE_RECURSION = YES;
				CLANG_WARN_INT_CONVERSION = YES;
				CLANG_WARN_NON_LITERAL_NULL_CONVERSION = YES;
				CLANG_WARN_OBJC_IMPLICIT_RETAIN_SELF = YES;
				CLANG_WARN_OBJC_LITERAL_CONVERSION = YES;
				CLANG_WARN_OBJC_ROOT_CLASS = YES_ERROR;
				CLANG_WARN_QUOTED_INCLUDE_IN_FRAMEWORK_HEADER = YES;
				CLANG_WARN_RANGE_LOOP_ANALYSIS = YES;
				CLANG_WARN_STRICT_PROTOTYPES = YES;
				CLANG_WARN_SUSPICIOUS_MOVE = YES;
				CLANG_WARN_UNGUARDED_AVAILABILITY = YES_AGGRESSIVE;
				CLANG_WARN_UNREACHABLE_CODE = YES;
				CLANG_WARN__DUPLICATE_METHOD_MATCH = YES;
				COPY_PHASE_STRIP = NO;
				DEBUG_INFORMATION_FORMAT = dwarf;
				ENABLE_STRICT_OBJC_MSGSEND = YES;
				ENABLE_TESTABILITY = YES;
				GCC_C_LANGUAGE_STANDARD = gnu11;
				GCC_DYNAMIC_NO_PIC = NO;
				GCC_NO_COMMON_BLOCKS = YES;
				GCC_OPTIMIZATION_LEVEL = 0;
				GCC_PREPROCESSOR_DEFINITIONS = (
					"DEBUG=1",
					"$(inherited)",
				);
				GCC_WARN_64_TO_32_BIT_CONVERSION = YES;
				GCC_WARN_ABOUT_RETURN_TYPE = YES_ERROR;
				GCC_WARN_UNDECLARED_SELECTOR = YES;
				GCC_WARN_UNINITIALIZED_AUTOS = YES_AGGRESSIVE;
				GCC_WARN_UNUSED_FUNCTION = YES;
				GCC_WARN_UNUSED_VARIABLE = YES;
				MACOSX_DEPLOYMENT_TARGET = 10.11;
				MTL_ENABLE_DEBUG_INFO = INCLUDE_SOURCE;
				MTL_FAST_MATH = YES;
				ONLY_ACTIVE_ARCH = YES;
				SDKROOT = macosx;
				SWIFT_ACTIVE_COMPILATION_CONDITIONS = DEBUG;
				SWIFT_OPTIMIZATION_LEVEL = "-Onone";
			};
			name = Debug;
		};
		2337AF0C2522A1430098AB2D /* Release */ = {
			isa = XCBuildConfiguration;
			buildSettings = {
				ALWAYS_SEARCH_USER_PATHS = NO;
				CLANG_ANALYZER_NONNULL = YES;
				CLANG_ANALYZER_NUMBER_OBJECT_CONVERSION = YES_AGGRESSIVE;
				CLANG_CXX_LANGUAGE_STANDARD = "gnu++14";
				CLANG_CXX_LIBRARY = "libc++";
				CLANG_ENABLE_MODULES = YES;
				CLANG_ENABLE_OBJC_ARC = YES;
				CLANG_ENABLE_OBJC_WEAK = YES;
				CLANG_WARN_BLOCK_CAPTURE_AUTORELEASING = YES;
				CLANG_WARN_BOOL_CONVERSION = YES;
				CLANG_WARN_COMMA = YES;
				CLANG_WARN_CONSTANT_CONVERSION = YES;
				CLANG_WARN_DEPRECATED_OBJC_IMPLEMENTATIONS = YES;
				CLANG_WARN_DIRECT_OBJC_ISA_USAGE = YES_ERROR;
				CLANG_WARN_DOCUMENTATION_COMMENTS = YES;
				CLANG_WARN_EMPTY_BODY = YES;
				CLANG_WARN_ENUM_CONVERSION = YES;
				CLANG_WARN_INFINITE_RECURSION = YES;
				CLANG_WARN_INT_CONVERSION = YES;
				CLANG_WARN_NON_LITERAL_NULL_CONVERSION = YES;
				CLANG_WARN_OBJC_IMPLICIT_RETAIN_SELF = YES;
				CLANG_WARN_OBJC_LITERAL_CONVERSION = YES;
				CLANG_WARN_OBJC_ROOT_CLASS = YES_ERROR;
				CLANG_WARN_QUOTED_INCLUDE_IN_FRAMEWORK_HEADER = YES;
				CLANG_WARN_RANGE_LOOP_ANALYSIS = YES;
				CLANG_WARN_STRICT_PROTOTYPES = YES;
				CLANG_WARN_SUSPICIOUS_MOVE = YES;
				CLANG_WARN_UNGUARDED_AVAILABILITY = YES_AGGRESSIVE;
				CLANG_WARN_UNREACHABLE_CODE = YES;
				CLANG_WARN__DUPLICATE_METHOD_MATCH = YES;
				COPY_PHASE_STRIP = NO;
				DEBUG_INFORMATION_FORMAT = "dwarf-with-dsym";
				ENABLE_NS_ASSERTIONS = NO;
				ENABLE_STRICT_OBJC_MSGSEND = YES;
				GCC_C_LANGUAGE_STANDARD = gnu11;
				GCC_NO_COMMON_BLOCKS = YES;
				GCC_WARN_64_TO_32_BIT_CONVERSION = YES;
				GCC_WARN_ABOUT_RETURN_TYPE = YES_ERROR;
				GCC_WARN_UNDECLARED_SELECTOR = YES;
				GCC_WARN_UNINITIALIZED_AUTOS = YES_AGGRESSIVE;
				GCC_WARN_UNUSED_FUNCTION = YES;
				GCC_WARN_UNUSED_VARIABLE = YES;
				MACOSX_DEPLOYMENT_TARGET = 10.11;
				MTL_ENABLE_DEBUG_INFO = NO;
				MTL_FAST_MATH = YES;
				SDKROOT = macosx;
				SWIFT_COMPILATION_MODE = wholemodule;
				SWIFT_OPTIMIZATION_LEVEL = "-O";
			};
			name = Release;
		};
		2337AF0E2522A1430098AB2D /* Debug */ = {
			isa = XCBuildConfiguration;
			buildSettings = {
				ASSETCATALOG_COMPILER_APPICON_NAME = AppIcon;
				ASSETCATALOG_COMPILER_GLOBAL_ACCENT_COLOR_NAME = AccentColor;
				CODE_SIGN_ENTITLEMENTS = "DSFToolbar Demo/DSFToolbar_Demo.entitlements";
				CODE_SIGN_STYLE = Automatic;
				COMBINE_HIDPI_IMAGES = YES;
				DEVELOPMENT_TEAM = 3L6RK3LGGW;
				ENABLE_HARDENED_RUNTIME = YES;
				INFOPLIST_FILE = "DSFToolbar Demo/Info.plist";
				LD_RUNPATH_SEARCH_PATHS = (
					"$(inherited)",
					"@executable_path/../Frameworks",
				);
				MACOSX_DEPLOYMENT_TARGET = 10.13;
				PRODUCT_BUNDLE_IDENTIFIER = "com.darrenford.DSFToolbar-Demo";
				PRODUCT_NAME = "$(TARGET_NAME)";
				SWIFT_VERSION = 5.0;
			};
			name = Debug;
		};
		2337AF0F2522A1430098AB2D /* Release */ = {
			isa = XCBuildConfiguration;
			buildSettings = {
				ASSETCATALOG_COMPILER_APPICON_NAME = AppIcon;
				ASSETCATALOG_COMPILER_GLOBAL_ACCENT_COLOR_NAME = AccentColor;
				CODE_SIGN_ENTITLEMENTS = "DSFToolbar Demo/DSFToolbar_Demo.entitlements";
				CODE_SIGN_STYLE = Automatic;
				COMBINE_HIDPI_IMAGES = YES;
				DEVELOPMENT_TEAM = 3L6RK3LGGW;
				ENABLE_HARDENED_RUNTIME = YES;
				INFOPLIST_FILE = "DSFToolbar Demo/Info.plist";
				LD_RUNPATH_SEARCH_PATHS = (
					"$(inherited)",
					"@executable_path/../Frameworks",
				);
				MACOSX_DEPLOYMENT_TARGET = 10.13;
				PRODUCT_BUNDLE_IDENTIFIER = "com.darrenford.DSFToolbar-Demo";
				PRODUCT_NAME = "$(TARGET_NAME)";
				SWIFT_VERSION = 5.0;
			};
			name = Release;
		};
		23642E50252BF9D40063590F /* Debug */ = {
			isa = XCBuildConfiguration;
			buildSettings = {
				ASSETCATALOG_COMPILER_APPICON_NAME = AppIcon;
				ASSETCATALOG_COMPILER_GLOBAL_ACCENT_COLOR_NAME = AccentColor;
				CODE_SIGN_ENTITLEMENTS = "DSFToolbar Catalyst Demo/DSFToolbar Catalyst Demo.entitlements";
				CODE_SIGN_STYLE = Automatic;
				DEVELOPMENT_TEAM = 3L6RK3LGGW;
				INFOPLIST_FILE = "DSFToolbar Catalyst Demo/Info.plist";
				IPHONEOS_DEPLOYMENT_TARGET = 13.0;
				"IPHONEOS_DEPLOYMENT_TARGET[sdk=macosx*]" = 13.1;
				LD_RUNPATH_SEARCH_PATHS = (
					"$(inherited)",
					"@executable_path/Frameworks",
				);
				PRODUCT_BUNDLE_IDENTIFIER = "com.darrenford.DSFToolbar-Catalyst-Demo";
				PRODUCT_NAME = "$(TARGET_NAME)";
				SDKROOT = iphoneos;
				SUPPORTS_MACCATALYST = YES;
				SWIFT_VERSION = 5.0;
				TARGETED_DEVICE_FAMILY = "1,2";
			};
			name = Debug;
		};
		23642E51252BF9D40063590F /* Release */ = {
			isa = XCBuildConfiguration;
			buildSettings = {
				ASSETCATALOG_COMPILER_APPICON_NAME = AppIcon;
				ASSETCATALOG_COMPILER_GLOBAL_ACCENT_COLOR_NAME = AccentColor;
				CODE_SIGN_ENTITLEMENTS = "DSFToolbar Catalyst Demo/DSFToolbar Catalyst Demo.entitlements";
				CODE_SIGN_STYLE = Automatic;
				DEVELOPMENT_TEAM = 3L6RK3LGGW;
				INFOPLIST_FILE = "DSFToolbar Catalyst Demo/Info.plist";
				IPHONEOS_DEPLOYMENT_TARGET = 13.0;
				"IPHONEOS_DEPLOYMENT_TARGET[sdk=macosx*]" = 13.1;
				LD_RUNPATH_SEARCH_PATHS = (
					"$(inherited)",
					"@executable_path/Frameworks",
				);
				PRODUCT_BUNDLE_IDENTIFIER = "com.darrenford.DSFToolbar-Catalyst-Demo";
				PRODUCT_NAME = "$(TARGET_NAME)";
				SDKROOT = iphoneos;
				SUPPORTS_MACCATALYST = YES;
				SWIFT_VERSION = 5.0;
				TARGETED_DEVICE_FAMILY = "1,2";
				VALIDATE_PRODUCT = YES;
			};
			name = Release;
		};
		23CFC0CB252FBBEB0008211C /* Debug */ = {
			isa = XCBuildConfiguration;
			buildSettings = {
				ALWAYS_EMBED_SWIFT_STANDARD_LIBRARIES = YES;
				ASSETCATALOG_COMPILER_APPICON_NAME = AppIcon;
				ASSETCATALOG_COMPILER_GLOBAL_ACCENT_COLOR_NAME = AccentColor;
				CODE_SIGN_ENTITLEMENTS = "Simple Documentation Demo/Simple_Documentation_Demo.entitlements";
				CODE_SIGN_STYLE = Automatic;
				COMBINE_HIDPI_IMAGES = YES;
				DEVELOPMENT_TEAM = 3L6RK3LGGW;
				ENABLE_HARDENED_RUNTIME = YES;
				INFOPLIST_FILE = "Simple Documentation Demo/Info.plist";
				LD_RUNPATH_SEARCH_PATHS = (
					"$(inherited)",
					"@executable_path/../Frameworks",
				);
				MACOSX_DEPLOYMENT_TARGET = 10.13;
				PRODUCT_BUNDLE_IDENTIFIER = "com.darrenford.Simple-Documentation-Demo";
				PRODUCT_NAME = "$(TARGET_NAME)";
				SWIFT_VERSION = 5.0;
			};
			name = Debug;
		};
		23CFC0CC252FBBEB0008211C /* Release */ = {
			isa = XCBuildConfiguration;
			buildSettings = {
				ALWAYS_EMBED_SWIFT_STANDARD_LIBRARIES = YES;
				ASSETCATALOG_COMPILER_APPICON_NAME = AppIcon;
				ASSETCATALOG_COMPILER_GLOBAL_ACCENT_COLOR_NAME = AccentColor;
				CODE_SIGN_ENTITLEMENTS = "Simple Documentation Demo/Simple_Documentation_Demo.entitlements";
				CODE_SIGN_STYLE = Automatic;
				COMBINE_HIDPI_IMAGES = YES;
				DEVELOPMENT_TEAM = 3L6RK3LGGW;
				ENABLE_HARDENED_RUNTIME = YES;
				INFOPLIST_FILE = "Simple Documentation Demo/Info.plist";
				LD_RUNPATH_SEARCH_PATHS = (
					"$(inherited)",
					"@executable_path/../Frameworks",
				);
				MACOSX_DEPLOYMENT_TARGET = 10.13;
				PRODUCT_BUNDLE_IDENTIFIER = "com.darrenford.Simple-Documentation-Demo";
				PRODUCT_NAME = "$(TARGET_NAME)";
				SWIFT_VERSION = 5.0;
			};
			name = Release;
		};
/* End XCBuildConfiguration section */

/* Begin XCConfigurationList section */
		2310CDE2252FD758000B44DE /* Build configuration list for PBXAggregateTarget "Build All" */ = {
			isa = XCConfigurationList;
			buildConfigurations = (
				2310CDE3252FD758000B44DE /* Debug */,
				2310CDE4252FD758000B44DE /* Release */,
			);
			defaultConfigurationIsVisible = 0;
			defaultConfigurationName = Release;
		};
		2337AEFA2522A1420098AB2D /* Build configuration list for PBXProject "DSFToolbar Demo" */ = {
			isa = XCConfigurationList;
			buildConfigurations = (
				2337AF0B2522A1430098AB2D /* Debug */,
				2337AF0C2522A1430098AB2D /* Release */,
			);
			defaultConfigurationIsVisible = 0;
			defaultConfigurationName = Release;
		};
		2337AF0D2522A1430098AB2D /* Build configuration list for PBXNativeTarget "DSFToolbar Demo" */ = {
			isa = XCConfigurationList;
			buildConfigurations = (
				2337AF0E2522A1430098AB2D /* Debug */,
				2337AF0F2522A1430098AB2D /* Release */,
			);
			defaultConfigurationIsVisible = 0;
			defaultConfigurationName = Release;
		};
		23642E52252BF9D40063590F /* Build configuration list for PBXNativeTarget "DSFToolbar Catalyst Demo" */ = {
			isa = XCConfigurationList;
			buildConfigurations = (
				23642E50252BF9D40063590F /* Debug */,
				23642E51252BF9D40063590F /* Release */,
			);
			defaultConfigurationIsVisible = 0;
			defaultConfigurationName = Release;
		};
		23CFC0CD252FBBEB0008211C /* Build configuration list for PBXNativeTarget "Simple Documentation Demo" */ = {
			isa = XCConfigurationList;
			buildConfigurations = (
				23CFC0CB252FBBEB0008211C /* Debug */,
				23CFC0CC252FBBEB0008211C /* Release */,
			);
			defaultConfigurationIsVisible = 0;
			defaultConfigurationName = Release;
		};
/* End XCConfigurationList section */

/* Begin XCRemoteSwiftPackageReference section */
		2300ABF429B95AA000726074 /* XCRemoteSwiftPackageReference "DSFMenuBuilder" */ = {
			isa = XCRemoteSwiftPackageReference;
			repositoryURL = "https://github.com/dagronf/DSFMenuBuilder";
			requirement = {
				kind = upToNextMajorVersion;
				minimumVersion = 1.0.0;
			};
		};
/* End XCRemoteSwiftPackageReference section */

/* Begin XCSwiftPackageProductDependency section */
		2300ABF529B95AA000726074 /* DSFMenuBuilder */ = {
			isa = XCSwiftPackageProductDependency;
			package = 2300ABF429B95AA000726074 /* XCRemoteSwiftPackageReference "DSFMenuBuilder" */;
			productName = DSFMenuBuilder;
		};
		236F198E28B88F5800851E75 /* DSFToolbar */ = {
			isa = XCSwiftPackageProductDependency;
			productName = DSFToolbar;
		};
		238C5AFD268AC0DB00F64987 /* DSFToolbar */ = {
			isa = XCSwiftPackageProductDependency;
			productName = DSFToolbar;
		};
		238C5AFF268AC0EA00F64987 /* DSFToolbar */ = {
			isa = XCSwiftPackageProductDependency;
			productName = DSFToolbar;
		};
		238C5B01268AC15A00F64987 /* DSFToolbar */ = {
			isa = XCSwiftPackageProductDependency;
			productName = DSFToolbar;
		};
		23CFC0DB252FBC5B0008211C /* DSFToolbar */ = {
			isa = XCSwiftPackageProductDependency;
			productName = DSFToolbar;
		};
/* End XCSwiftPackageProductDependency section */
	};
	rootObject = 2337AEF72522A1420098AB2D /* Project object */;
}
