// !$*UTF8*$!
{
	archiveVersion = 1;
	classes = {
	};
	objectVersion = 52;
	objects = {

/* Begin PBXBuildFile section */
		23A86C11252BF44F00C32A58 /* AppDelegate.swift in Sources */ = {isa = PBXBuildFile; fileRef = 23A86C10252BF44F00C32A58 /* AppDelegate.swift */; };
		23A86C13252BF44F00C32A58 /* SceneDelegate.swift in Sources */ = {isa = PBXBuildFile; fileRef = 23A86C12252BF44F00C32A58 /* SceneDelegate.swift */; };
		23A86C15252BF44F00C32A58 /* ViewController.swift in Sources */ = {isa = PBXBuildFile; fileRef = 23A86C14252BF44F00C32A58 /* ViewController.swift */; };
		23A86C18252BF44F00C32A58 /* Main.storyboard in Resources */ = {isa = PBXBuildFile; fileRef = 23A86C16252BF44F00C32A58 /* Main.storyboard */; };
		23A86C1A252BF44F00C32A58 /* Assets.xcassets in Resources */ = {isa = PBXBuildFile; fileRef = 23A86C19252BF44F00C32A58 /* Assets.xcassets */; };
		23A86C1D252BF44F00C32A58 /* LaunchScreen.storyboard in Resources */ = {isa = PBXBuildFile; fileRef = 23A86C1B252BF44F00C32A58 /* LaunchScreen.storyboard */; };
		23A86C2B252BF4AC00C32A58 /* DSFToolbar-Library in Frameworks */ = {isa = PBXBuildFile; productRef = 23A86C2A252BF4AC00C32A58 /* DSFToolbar-Library */; };
		23A86C34252BF50800C32A58 /* ProjectAssets.swift in Sources */ = {isa = PBXBuildFile; fileRef = 23A86C33252BF50800C32A58 /* ProjectAssets.swift */; };
/* End PBXBuildFile section */

/* Begin PBXFileReference section */
		23A86C0D252BF44F00C32A58 /* DSFToolbar Catalyst Demo.app */ = {isa = PBXFileReference; explicitFileType = wrapper.application; includeInIndex = 0; path = "DSFToolbar Catalyst Demo.app"; sourceTree = BUILT_PRODUCTS_DIR; };
		23A86C10252BF44F00C32A58 /* AppDelegate.swift */ = {isa = PBXFileReference; lastKnownFileType = sourcecode.swift; path = AppDelegate.swift; sourceTree = "<group>"; };
		23A86C12252BF44F00C32A58 /* SceneDelegate.swift */ = {isa = PBXFileReference; lastKnownFileType = sourcecode.swift; path = SceneDelegate.swift; sourceTree = "<group>"; };
		23A86C14252BF44F00C32A58 /* ViewController.swift */ = {isa = PBXFileReference; lastKnownFileType = sourcecode.swift; path = ViewController.swift; sourceTree = "<group>"; };
		23A86C17252BF44F00C32A58 /* Base */ = {isa = PBXFileReference; lastKnownFileType = file.storyboard; name = Base; path = Base.lproj/Main.storyboard; sourceTree = "<group>"; };
		23A86C19252BF44F00C32A58 /* Assets.xcassets */ = {isa = PBXFileReference; lastKnownFileType = folder.assetcatalog; path = Assets.xcassets; sourceTree = "<group>"; };
		23A86C1C252BF44F00C32A58 /* Base */ = {isa = PBXFileReference; lastKnownFileType = file.storyboard; name = Base; path = Base.lproj/LaunchScreen.storyboard; sourceTree = "<group>"; };
		23A86C1E252BF44F00C32A58 /* Info.plist */ = {isa = PBXFileReference; lastKnownFileType = text.plist.xml; path = Info.plist; sourceTree = "<group>"; };
		23A86C25252BF45D00C32A58 /* DSFToolbar Catalyst Demo.entitlements */ = {isa = PBXFileReference; lastKnownFileType = text.plist.entitlements; path = "DSFToolbar Catalyst Demo.entitlements"; sourceTree = "<group>"; };
		23A86C27252BF49200C32A58 /* DSFToolbar */ = {isa = PBXFileReference; lastKnownFileType = folder; name = DSFToolbar; path = ../..; sourceTree = "<group>"; };
		23A86C2D252BF4CA00C32A58 /* ViewControllerToolbar.swift */ = {isa = PBXFileReference; fileEncoding = 4; lastKnownFileType = sourcecode.swift; path = ViewControllerToolbar.swift; sourceTree = "<group>"; };
		23A86C33252BF50800C32A58 /* ProjectAssets.swift */ = {isa = PBXFileReference; fileEncoding = 4; lastKnownFileType = sourcecode.swift; path = ProjectAssets.swift; sourceTree = "<group>"; };
/* End PBXFileReference section */

/* Begin PBXFrameworksBuildPhase section */
		23A86C0A252BF44F00C32A58 /* Frameworks */ = {
			isa = PBXFrameworksBuildPhase;
			buildActionMask = 2147483647;
			files = (
				23A86C2B252BF4AC00C32A58 /* DSFToolbar-Library in Frameworks */,
			);
			runOnlyForDeploymentPostprocessing = 0;
		};
/* End PBXFrameworksBuildPhase section */

/* Begin PBXGroup section */
		23A86C04252BF44F00C32A58 = {
			isa = PBXGroup;
			children = (
				23A86C27252BF49200C32A58 /* DSFToolbar */,
				23A86C0F252BF44F00C32A58 /* DSFToolbar Catalyst Demo */,
				23A86C0E252BF44F00C32A58 /* Products */,
				23A86C29252BF4AC00C32A58 /* Frameworks */,
			);
			sourceTree = "<group>";
		};
		23A86C0E252BF44F00C32A58 /* Products */ = {
			isa = PBXGroup;
			children = (
				23A86C0D252BF44F00C32A58 /* DSFToolbar Catalyst Demo.app */,
			);
			name = Products;
			sourceTree = "<group>";
		};
		23A86C0F252BF44F00C32A58 /* DSFToolbar Catalyst Demo */ = {
			isa = PBXGroup;
			children = (
				23A86C33252BF50800C32A58 /* ProjectAssets.swift */,
				23A86C25252BF45D00C32A58 /* DSFToolbar Catalyst Demo.entitlements */,
				23A86C10252BF44F00C32A58 /* AppDelegate.swift */,
				23A86C12252BF44F00C32A58 /* SceneDelegate.swift */,
				23A86C14252BF44F00C32A58 /* ViewController.swift */,
				23A86C2D252BF4CA00C32A58 /* ViewControllerToolbar.swift */,
				23A86C16252BF44F00C32A58 /* Main.storyboard */,
				23A86C19252BF44F00C32A58 /* Assets.xcassets */,
				23A86C1B252BF44F00C32A58 /* LaunchScreen.storyboard */,
				23A86C1E252BF44F00C32A58 /* Info.plist */,
			);
			path = "DSFToolbar Catalyst Demo";
			sourceTree = "<group>";
		};
		23A86C29252BF4AC00C32A58 /* Frameworks */ = {
			isa = PBXGroup;
			children = (
			);
			name = Frameworks;
			sourceTree = "<group>";
		};
/* End PBXGroup section */

/* Begin PBXNativeTarget section */
		23A86C0C252BF44F00C32A58 /* DSFToolbar Catalyst Demo */ = {
			isa = PBXNativeTarget;
			buildConfigurationList = 23A86C21252BF44F00C32A58 /* Build configuration list for PBXNativeTarget "DSFToolbar Catalyst Demo" */;
			buildPhases = (
				23A86C2C252BF4B800C32A58 /* ShellScript */,
				23A86C09252BF44F00C32A58 /* Sources */,
				23A86C0A252BF44F00C32A58 /* Frameworks */,
				23A86C0B252BF44F00C32A58 /* Resources */,
			);
			buildRules = (
			);
			dependencies = (
				23A86C31252BF4D400C32A58 /* PBXTargetDependency */,
			);
			name = "DSFToolbar Catalyst Demo";
			packageProductDependencies = (
				23A86C2A252BF4AC00C32A58 /* DSFToolbar-Library */,
			);
			productName = "DSFToolbar Catalyst Demo";
			productReference = 23A86C0D252BF44F00C32A58 /* DSFToolbar Catalyst Demo.app */;
			productType = "com.apple.product-type.application";
		};
/* End PBXNativeTarget section */

/* Begin PBXProject section */
		23A86C05252BF44F00C32A58 /* Project object */ = {
			isa = PBXProject;
			attributes = {
				LastSwiftUpdateCheck = 1200;
				LastUpgradeCheck = 1200;
				TargetAttributes = {
					23A86C0C252BF44F00C32A58 = {
						CreatedOnToolsVersion = 12.0.1;
					};
				};
			};
			buildConfigurationList = 23A86C08252BF44F00C32A58 /* Build configuration list for PBXProject "DSFToolbar Catalyst Demo" */;
			compatibilityVersion = "Xcode 9.3";
			developmentRegion = en;
			hasScannedForEncodings = 0;
			knownRegions = (
				en,
				Base,
			);
			mainGroup = 23A86C04252BF44F00C32A58;
			productRefGroup = 23A86C0E252BF44F00C32A58 /* Products */;
			projectDirPath = "";
			projectRoot = "";
			targets = (
				23A86C0C252BF44F00C32A58 /* DSFToolbar Catalyst Demo */,
			);
		};
/* End PBXProject section */

/* Begin PBXResourcesBuildPhase section */
		23A86C0B252BF44F00C32A58 /* Resources */ = {
			isa = PBXResourcesBuildPhase;
			buildActionMask = 2147483647;
			files = (
				23A86C1D252BF44F00C32A58 /* LaunchScreen.storyboard in Resources */,
				23A86C1A252BF44F00C32A58 /* Assets.xcassets in Resources */,
				23A86C18252BF44F00C32A58 /* Main.storyboard in Resources */,
			);
			runOnlyForDeploymentPostprocessing = 0;
		};
/* End PBXResourcesBuildPhase section */

/* Begin PBXShellScriptBuildPhase section */
		23A86C2C252BF4B800C32A58 /* ShellScript */ = {
			isa = PBXShellScriptBuildPhase;
			buildActionMask = 2147483647;
			files = (
			);
			inputFileListPaths = (
			);
			inputPaths = (
			);
			outputFileListPaths = (
			);
			outputPaths = (
			);
			runOnlyForDeploymentPostprocessing = 0;
			shellPath = /bin/sh;
			shellScript = "# Type a script or drag a script file from your workspace to insert its path.\n/usr/bin/swift /Users/dford/Projects/Projects/Squeaker/Squeaker/main.swift \"ios\" \"${PROJECT_DIR}/DSFToolbar Catalyst Demo/\" \"${PROJECT_DIR}/DSFToolbar Catalyst Demo/ProjectAssets.swift\"\n";
		};
/* End PBXShellScriptBuildPhase section */

/* Begin PBXSourcesBuildPhase section */
		23A86C09252BF44F00C32A58 /* Sources */ = {
			isa = PBXSourcesBuildPhase;
			buildActionMask = 2147483647;
			files = (
				23A86C15252BF44F00C32A58 /* ViewController.swift in Sources */,
				23A86C11252BF44F00C32A58 /* AppDelegate.swift in Sources */,
				23A86C13252BF44F00C32A58 /* SceneDelegate.swift in Sources */,
				23A86C34252BF50800C32A58 /* ProjectAssets.swift in Sources */,
			);
			runOnlyForDeploymentPostprocessing = 0;
		};
/* End PBXSourcesBuildPhase section */

/* Begin PBXTargetDependency section */
		23A86C31252BF4D400C32A58 /* PBXTargetDependency */ = {
			isa = PBXTargetDependency;
			productRef = 23A86C30252BF4D400C32A58 /* DSFToolbar-Library */;
		};
/* End PBXTargetDependency section */

/* Begin PBXVariantGroup section */
		23A86C16252BF44F00C32A58 /* Main.storyboard */ = {
			isa = PBXVariantGroup;
			children = (
				23A86C17252BF44F00C32A58 /* Base */,
			);
			name = Main.storyboard;
			sourceTree = "<group>";
		};
		23A86C1B252BF44F00C32A58 /* LaunchScreen.storyboard */ = {
			isa = PBXVariantGroup;
			children = (
				23A86C1C252BF44F00C32A58 /* Base */,
			);
			name = LaunchScreen.storyboard;
			sourceTree = "<group>";
		};
/* End PBXVariantGroup section */

/* Begin XCBuildConfiguration section */
		23A86C1F252BF44F00C32A58 /* Debug */ = {
			isa = XCBuildConfiguration;
			buildSettings = {
				ALWAYS_SEARCH_USER_PATHS = NO;
				CLANG_ANALYZER_NONNULL = YES;
				CLANG_ANALYZER_NUMBER_OBJECT_CONVERSION = YES_AGGRESSIVE;
				CLANG_CXX_LANGUAGE_STANDARD = "gnu++14";
				CLANG_CXX_LIBRARY = "libc++";
				CLANG_ENABLE_MODULES = YES;
				CLANG_ENABLE_OBJC_ARC = YES;
				CLANG_ENABLE_OBJC_WEAK = YES;
				CLANG_WARN_BLOCK_CAPTURE_AUTORELEASING = YES;
				CLANG_WARN_BOOL_CONVERSION = YES;
				CLANG_WARN_COMMA = YES;
				CLANG_WARN_CONSTANT_CONVERSION = YES;
				CLANG_WARN_DEPRECATED_OBJC_IMPLEMENTATIONS = YES;
				CLANG_WARN_DIRECT_OBJC_ISA_USAGE = YES_ERROR;
				CLANG_WARN_DOCUMENTATION_COMMENTS = YES;
				CLANG_WARN_EMPTY_BODY = YES;
				CLANG_WARN_ENUM_CONVERSION = YES;
				CLANG_WARN_INFINITE_RECURSION = YES;
				CLANG_WARN_INT_CONVERSION = YES;
				CLANG_WARN_NON_LITERAL_NULL_CONVERSION = YES;
				CLANG_WARN_OBJC_IMPLICIT_RETAIN_SELF = YES;
				CLANG_WARN_OBJC_LITERAL_CONVERSION = YES;
				CLANG_WARN_OBJC_ROOT_CLASS = YES_ERROR;
				CLANG_WARN_QUOTED_INCLUDE_IN_FRAMEWORK_HEADER = YES;
				CLANG_WARN_RANGE_LOOP_ANALYSIS = YES;
				CLANG_WARN_STRICT_PROTOTYPES = YES;
				CLANG_WARN_SUSPICIOUS_MOVE = YES;
				CLANG_WARN_UNGUARDED_AVAILABILITY = YES_AGGRESSIVE;
				CLANG_WARN_UNREACHABLE_CODE = YES;
				CLANG_WARN__DUPLICATE_METHOD_MATCH = YES;
				COPY_PHASE_STRIP = NO;
				DEBUG_INFORMATION_FORMAT = dwarf;
				ENABLE_STRICT_OBJC_MSGSEND = YES;
				ENABLE_TESTABILITY = YES;
				GCC_C_LANGUAGE_STANDARD = gnu11;
				GCC_DYNAMIC_NO_PIC = NO;
				GCC_NO_COMMON_BLOCKS = YES;
				GCC_OPTIMIZATION_LEVEL = 0;
				GCC_PREPROCESSOR_DEFINITIONS = (
					"DEBUG=1",
					"$(inherited)",
				);
				GCC_WARN_64_TO_32_BIT_CONVERSION = YES;
				GCC_WARN_ABOUT_RETURN_TYPE = YES_ERROR;
				GCC_WARN_UNDECLARED_SELECTOR = YES;
				GCC_WARN_UNINITIALIZED_AUTOS = YES_AGGRESSIVE;
				GCC_WARN_UNUSED_FUNCTION = YES;
				GCC_WARN_UNUSED_VARIABLE = YES;
				IPHONEOS_DEPLOYMENT_TARGET = 14.0;
				MTL_ENABLE_DEBUG_INFO = INCLUDE_SOURCE;
				MTL_FAST_MATH = YES;
				ONLY_ACTIVE_ARCH = YES;
				SDKROOT = iphoneos;
				SWIFT_ACTIVE_COMPILATION_CONDITIONS = DEBUG;
				SWIFT_OPTIMIZATION_LEVEL = "-Onone";
			};
			name = Debug;
		};
		23A86C20252BF44F00C32A58 /* Release */ = {
			isa = XCBuildConfiguration;
			buildSettings = {
				ALWAYS_SEARCH_USER_PATHS = NO;
				CLANG_ANALYZER_NONNULL = YES;
				CLANG_ANALYZER_NUMBER_OBJECT_CONVERSION = YES_AGGRESSIVE;
				CLANG_CXX_LANGUAGE_STANDARD = "gnu++14";
				CLANG_CXX_LIBRARY = "libc++";
				CLANG_ENABLE_MODULES = YES;
				CLANG_ENABLE_OBJC_ARC = YES;
				CLANG_ENABLE_OBJC_WEAK = YES;
				CLANG_WARN_BLOCK_CAPTURE_AUTORELEASING = YES;
				CLANG_WARN_BOOL_CONVERSION = YES;
				CLANG_WARN_COMMA = YES;
				CLANG_WARN_CONSTANT_CONVERSION = YES;
				CLANG_WARN_DEPRECATED_OBJC_IMPLEMENTATIONS = YES;
				CLANG_WARN_DIRECT_OBJC_ISA_USAGE = YES_ERROR;
				CLANG_WARN_DOCUMENTATION_COMMENTS = YES;
				CLANG_WARN_EMPTY_BODY = YES;
				CLANG_WARN_ENUM_CONVERSION = YES;
				CLANG_WARN_INFINITE_RECURSION = YES;
				CLANG_WARN_INT_CONVERSION = YES;
				CLANG_WARN_NON_LITERAL_NULL_CONVERSION = YES;
				CLANG_WARN_OBJC_IMPLICIT_RETAIN_SELF = YES;
				CLANG_WARN_OBJC_LITERAL_CONVERSION = YES;
				CLANG_WARN_OBJC_ROOT_CLASS = YES_ERROR;
				CLANG_WARN_QUOTED_INCLUDE_IN_FRAMEWORK_HEADER = YES;
				CLANG_WARN_RANGE_LOOP_ANALYSIS = YES;
				CLANG_WARN_STRICT_PROTOTYPES = YES;
				CLANG_WARN_SUSPICIOUS_MOVE = YES;
				CLANG_WARN_UNGUARDED_AVAILABILITY = YES_AGGRESSIVE;
				CLANG_WARN_UNREACHABLE_CODE = YES;
				CLANG_WARN__DUPLICATE_METHOD_MATCH = YES;
				COPY_PHASE_STRIP = NO;
				DEBUG_INFORMATION_FORMAT = "dwarf-with-dsym";
				ENABLE_NS_ASSERTIONS = NO;
				ENABLE_STRICT_OBJC_MSGSEND = YES;
				GCC_C_LANGUAGE_STANDARD = gnu11;
				GCC_NO_COMMON_BLOCKS = YES;
				GCC_WARN_64_TO_32_BIT_CONVERSION = YES;
				GCC_WARN_ABOUT_RETURN_TYPE = YES_ERROR;
				GCC_WARN_UNDECLARED_SELECTOR = YES;
				GCC_WARN_UNINITIALIZED_AUTOS = YES_AGGRESSIVE;
				GCC_WARN_UNUSED_FUNCTION = YES;
				GCC_WARN_UNUSED_VARIABLE = YES;
				IPHONEOS_DEPLOYMENT_TARGET = 14.0;
				MTL_ENABLE_DEBUG_INFO = NO;
				MTL_FAST_MATH = YES;
				SDKROOT = iphoneos;
				SWIFT_COMPILATION_MODE = wholemodule;
				SWIFT_OPTIMIZATION_LEVEL = "-O";
				VALIDATE_PRODUCT = YES;
			};
			name = Release;
		};
		23A86C22252BF44F00C32A58 /* Debug */ = {
			isa = XCBuildConfiguration;
			buildSettings = {
				ASSETCATALOG_COMPILER_APPICON_NAME = AppIcon;
				ASSETCATALOG_COMPILER_GLOBAL_ACCENT_COLOR_NAME = AccentColor;
				CODE_SIGN_ENTITLEMENTS = "DSFToolbar Catalyst Demo/DSFToolbar Catalyst Demo.entitlements";
				CODE_SIGN_STYLE = Automatic;
				DEVELOPMENT_TEAM = 3L6RK3LGGW;
				INFOPLIST_FILE = "DSFToolbar Catalyst Demo/Info.plist";
				IPHONEOS_DEPLOYMENT_TARGET = 13.0;
				"IPHONEOS_DEPLOYMENT_TARGET[sdk=macosx*]" = 13.1;
				LD_RUNPATH_SEARCH_PATHS = (
					"$(inherited)",
					"@executable_path/Frameworks",
				);
				PRODUCT_BUNDLE_IDENTIFIER = "com.darrenford.DSFToolbar-Catalyst-Demo";
				PRODUCT_NAME = "$(TARGET_NAME)";
				SUPPORTS_MACCATALYST = YES;
				SWIFT_VERSION = 5.0;
				TARGETED_DEVICE_FAMILY = "1,2";
			};
			name = Debug;
		};
		23A86C23252BF44F00C32A58 /* Release */ = {
			isa = XCBuildConfiguration;
			buildSettings = {
				ASSETCATALOG_COMPILER_APPICON_NAME = AppIcon;
				ASSETCATALOG_COMPILER_GLOBAL_ACCENT_COLOR_NAME = AccentColor;
				CODE_SIGN_ENTITLEMENTS = "DSFToolbar Catalyst Demo/DSFToolbar Catalyst Demo.entitlements";
				CODE_SIGN_STYLE = Automatic;
				DEVELOPMENT_TEAM = 3L6RK3LGGW;
				INFOPLIST_FILE = "DSFToolbar Catalyst Demo/Info.plist";
				IPHONEOS_DEPLOYMENT_TARGET = 13.0;
				"IPHONEOS_DEPLOYMENT_TARGET[sdk=macosx*]" = 13.1;
				LD_RUNPATH_SEARCH_PATHS = (
					"$(inherited)",
					"@executable_path/Frameworks",
				);
				PRODUCT_BUNDLE_IDENTIFIER = "com.darrenford.DSFToolbar-Catalyst-Demo";
				PRODUCT_NAME = "$(TARGET_NAME)";
				SUPPORTS_MACCATALYST = YES;
				SWIFT_VERSION = 5.0;
				TARGETED_DEVICE_FAMILY = "1,2";
			};
			name = Release;
		};
/* End XCBuildConfiguration section */

/* Begin XCConfigurationList section */
		23A86C08252BF44F00C32A58 /* Build configuration list for PBXProject "DSFToolbar Catalyst Demo" */ = {
			isa = XCConfigurationList;
			buildConfigurations = (
				23A86C1F252BF44F00C32A58 /* Debug */,
				23A86C20252BF44F00C32A58 /* Release */,
			);
			defaultConfigurationIsVisible = 0;
			defaultConfigurationName = Release;
		};
		23A86C21252BF44F00C32A58 /* Build configuration list for PBXNativeTarget "DSFToolbar Catalyst Demo" */ = {
			isa = XCConfigurationList;
			buildConfigurations = (
				23A86C22252BF44F00C32A58 /* Debug */,
				23A86C23252BF44F00C32A58 /* Release */,
			);
			defaultConfigurationIsVisible = 0;
			defaultConfigurationName = Release;
		};
/* End XCConfigurationList section */

/* Begin XCSwiftPackageProductDependency section */
		23A86C2A252BF4AC00C32A58 /* DSFToolbar-Library */ = {
			isa = XCSwiftPackageProductDependency;
			productName = "DSFToolbar-Library";
		};
		23A86C30252BF4D400C32A58 /* DSFToolbar-Library */ = {
			isa = XCSwiftPackageProductDependency;
			productName = "DSFToolbar-Library";
		};
/* End XCSwiftPackageProductDependency section */
	};
	rootObject = 23A86C05252BF44F00C32A58 /* Project object */;
}
