{
  "object": {
    "pins": [
      {
        "package": "DSFValueBinders",
        "repositoryURL": "https://github.com/dagronf/DSFValueBinders",
        "state": {
          "branch": null,
          "revision": "0d6f593567a1fd857d812afd849b1bd635d391b4",
          "version": "0.7.3"
        }
      }
    ]
  },
  "version": 1
}
