{
  "object": {
    "pins": [
      {
        "package": "DSFMenuBuilder",
        "repositoryURL": "https://github.com/dagronf/DSFMenuBuilder",
        "state": {
          "branch": null,
          "revision": "7f8f8ee0c5fb7ee6c06d057cd5ada0f99e3d3190",
          "version": "1.2.1"
        }
      },
      {
        "package": "DSFValueBinders",
        "repositoryURL": "https://github.com/dagronf/DSFValueBinders",
        "state": {
          "branch": null,
          "revision": "e8aaed8ce422459dcdd9e2d6fa1da8a84053bdc5",
          "version": "0.20.0"
        }
      }
    ]
  },
  "version": 1
}
